// !$*UTF8*$!
{
	archiveVersion = 1;
	classes = {
	};
	objectVersion = 55;
	objects = {

/* Begin PBXBuildFile section */
		E0CB2BA727B3E6FF00C5289C /* main.cpp in Sources */ = {isa = PBXBuildFile; fileRef = E0CB2BA627B3E6FF00C5289C /* main.cpp */; };
		E0CB2BAF27B3E75300C5289C /* GLUT.framework in Frameworks */ = {isa = PBXBuildFile; fileRef = E0CB2BAE27B3E75300C5289C /* GLUT.framework */; };
		E0CB2BB127B3E75A00C5289C /* OpenGL.framework in Frameworks */ = {isa = PBXBuildFile; fileRef = E0CB2BB027B3E75A00C5289C /* OpenGL.framework */; };
		E0CB2BB327B3E76F00C5289C /* libGLEW.2.2.0.dylib in Frameworks */ = {isa = PBXBuildFile; fileRef = E0CB2BB227B3E76F00C5289C /* libGLEW.2.2.0.dylib */; };
		E0CB2BB527B3E77C00C5289C /* libglfw.3.3.dylib in Frameworks */ = {isa = PBXBuildFile; fileRef = E0CB2BB427B3E77C00C5289C /* libglfw.3.3.dylib */; };
		E0CB2BB827B3E79F00C5289C /* Cube.cpp in Sources */ = {isa = PBXBuildFile; fileRef = E0CB2BB627B3E79F00C5289C /* Cube.cpp */; };
/* End PBXBuildFile section */

/* Begin PBXCopyFilesBuildPhase section */
		E0CB2BA127B3E6FF00C5289C /* CopyFiles */ = {
			isa = PBXCopyFilesBuildPhase;
			buildActionMask = 2147483647;
			dstPath = /usr/share/man/man1/;
			dstSubfolderSpec = 0;
			files = (
			);
			runOnlyForDeploymentPostprocessing = 1;
		};
/* End PBXCopyFilesBuildPhase section */

/* Begin PBXFileReference section */
		E0CB2BA327B3E6FF00C5289C /* LightAndObjects */ = {isa = PBXFileReference; explicitFileType = "compiled.mach-o.executable"; includeInIndex = 0; path = LightAndObjects; sourceTree = BUILT_PRODUCTS_DIR; };
		E0CB2BA627B3E6FF00C5289C /* main.cpp */ = {isa = PBXFileReference; lastKnownFileType = sourcecode.cpp.cpp; path = main.cpp; sourceTree = "<group>"; };
		E0CB2BAE27B3E75300C5289C /* GLUT.framework */ = {isa = PBXFileReference; lastKnownFileType = wrapper.framework; name = GLUT.framework; path = System/Library/Frameworks/GLUT.framework; sourceTree = SDKROOT; };
		E0CB2BB027B3E75A00C5289C /* OpenGL.framework */ = {isa = PBXFileReference; lastKnownFileType = wrapper.framework; name = OpenGL.framework; path = System/Library/Frameworks/OpenGL.framework; sourceTree = SDKROOT; };
		E0CB2BB227B3E76F00C5289C /* libGLEW.2.2.0.dylib */ = {isa = PBXFileReference; lastKnownFileType = "compiled.mach-o.dylib"; name = libGLEW.2.2.0.dylib; path = ../../../../../../../../../opt/homebrew/Cellar/glew/2.2.0_1/lib/libGLEW.2.2.0.dylib; sourceTree = "<group>"; };
		E0CB2BB427B3E77C00C5289C /* libglfw.3.3.dylib */ = {isa = PBXFileReference; lastKnownFileType = "compiled.mach-o.dylib"; name = libglfw.3.3.dylib; path = ../../../../../../../../../opt/homebrew/Cellar/glfw/3.3.6/lib/libglfw.3.3.dylib; sourceTree = "<group>"; };
		E0CB2BB627B3E79F00C5289C /* Cube.cpp */ = {isa = PBXFileReference; lastKnownFileType = sourcecode.cpp.cpp; path = Cube.cpp; sourceTree = "<group>"; };
		E0CB2BB727B3E79F00C5289C /* Cube.hpp */ = {isa = PBXFileReference; lastKnownFileType = sourcecode.cpp.h; path = Cube.hpp; sourceTree = "<group>"; };
/* End PBXFileReference section */

/* Begin PBXFrameworksBuildPhase section */
		E0CB2BA027B3E6FF00C5289C /* Frameworks */ = {
			isa = PBXFrameworksBuildPhase;
			buildActionMask = 2147483647;
			files = (
				E0CB2BB527B3E77C00C5289C /* libglfw.3.3.dylib in Frameworks */,
				E0CB2BB327B3E76F00C5289C /* libGLEW.2.2.0.dylib in Frameworks */,
				E0CB2BB127B3E75A00C5289C /* OpenGL.framework in Frameworks */,
				E0CB2BAF27B3E75300C5289C /* GLUT.framework in Frameworks */,
			);
			runOnlyForDeploymentPostprocessing = 0;
		};
/* End PBXFrameworksBuildPhase section */

/* Begin PBXGroup section */
		E0CB2B9A27B3E6FF00C5289C = {
			isa = PBXGroup;
			children = (
				E0CB2BA527B3E6FF00C5289C /* LightAndObjects */,
				E0CB2BA427B3E6FF00C5289C /* Products */,
				E0CB2BAD27B3E75300C5289C /* Frameworks */,
			);
			sourceTree = "<group>";
		};
		E0CB2BA427B3E6FF00C5289C /* Products */ = {
			isa = PBXGroup;
			children = (
				E0CB2BA327B3E6FF00C5289C /* LightAndObjects */,
			);
			name = Products;
			sourceTree = "<group>";
		};
		E0CB2BA527B3E6FF00C5289C /* LightAndObjects */ = {
			isa = PBXGroup;
			children = (
				E0CB2BA627B3E6FF00C5289C /* main.cpp */,
				E0CB2BB627B3E79F00C5289C /* Cube.cpp */,
				E0CB2BB727B3E79F00C5289C /* Cube.hpp */,
			);
			path = LightAndObjects;
			sourceTree = "<group>";
		};
		E0CB2BAD27B3E75300C5289C /* Frameworks */ = {
			isa = PBXGroup;
			children = (
				E0CB2BB427B3E77C00C5289C /* libglfw.3.3.dylib */,
				E0CB2BB227B3E76F00C5289C /* libGLEW.2.2.0.dylib */,
				E0CB2BB027B3E75A00C5289C /* OpenGL.framework */,
				E0CB2BAE27B3E75300C5289C /* GLUT.framework */,
			);
			name = Frameworks;
			sourceTree = "<group>";
		};
/* End PBXGroup section */

/* Begin PBXNativeTarget section */
		E0CB2BA227B3E6FF00C5289C /* LightAndObjects */ = {
			isa = PBXNativeTarget;
			buildConfigurationList = E0CB2BAA27B3E6FF00C5289C /* Build configuration list for PBXNativeTarget "LightAndObjects" */;
			buildPhases = (
				E0CB2B9F27B3E6FF00C5289C /* Sources */,
				E0CB2BA027B3E6FF00C5289C /* Frameworks */,
				E0CB2BA127B3E6FF00C5289C /* CopyFiles */,
			);
			buildRules = (
			);
			dependencies = (
			);
			name = LightAndObjects;
			productName = LightAndObjects;
			productReference = E0CB2BA327B3E6FF00C5289C /* LightAndObjects */;
			productType = "com.apple.product-type.tool";
		};
/* End PBXNativeTarget section */

/* Begin PBXProject section */
		E0CB2B9B27B3E6FF00C5289C /* Project object */ = {
			isa = PBXProject;
			attributes = {
				BuildIndependentTargetsInParallel = 1;
				LastUpgradeCheck = 1330;
				TargetAttributes = {
					E0CB2BA227B3E6FF00C5289C = {
						CreatedOnToolsVersion = 13.3;
					};
				};
			};
			buildConfigurationList = E0CB2B9E27B3E6FF00C5289C /* Build configuration list for PBXProject "LightAndObjects" */;
			compatibilityVersion = "Xcode 13.0";
			developmentRegion = en;
			hasScannedForEncodings = 0;
			knownRegions = (
				en,
				Base,
			);
			mainGroup = E0CB2B9A27B3E6FF00C5289C;
			productRefGroup = E0CB2BA427B3E6FF00C5289C /* Products */;
			projectDirPath = "";
			projectRoot = "";
			targets = (
				E0CB2BA227B3E6FF00C5289C /* LightAndObjects */,
			);
		};
/* End PBXProject section */

/* Begin PBXSourcesBuildPhase section */
		E0CB2B9F27B3E6FF00C5289C /* Sources */ = {
			isa = PBXSourcesBuildPhase;
			buildActionMask = 2147483647;
			files = (
				E0CB2BB827B3E79F00C5289C /* Cube.cpp in Sources */,
				E0CB2BA727B3E6FF00C5289C /* main.cpp in Sources */,
			);
			runOnlyForDeploymentPostprocessing = 0;
		};
/* End PBXSourcesBuildPhase section */

/* Begin XCBuildConfiguration section */
		E0CB2BA827B3E6FF00C5289C /* Debug */ = {
			isa = XCBuildConfiguration;
			buildSettings = {
				ALWAYS_SEARCH_USER_PATHS = NO;
				CLANG_ANALYZER_NONNULL = YES;
				CLANG_ANALYZER_NUMBER_OBJECT_CONVERSION = YES_AGGRESSIVE;
				CLANG_CXX_LANGUAGE_STANDARD = "gnu++17";
				CLANG_ENABLE_MODULES = YES;
				CLANG_ENABLE_OBJC_ARC = YES;
				CLANG_ENABLE_OBJC_WEAK = YES;
				CLANG_WARN_BLOCK_CAPTURE_AUTORELEASING = YES;
				CLANG_WARN_BOOL_CONVERSION = YES;
				CLANG_WARN_COMMA = YES;
				CLANG_WARN_CONSTANT_CONVERSION = YES;
				CLANG_WARN_DEPRECATED_OBJC_IMPLEMENTATIONS = YES;
				CLANG_WARN_DIRECT_OBJC_ISA_USAGE = YES_ERROR;
				CLANG_WARN_DOCUMENTATION_COMMENTS = YES;
				CLANG_WARN_EMPTY_BODY = YES;
				CLANG_WARN_ENUM_CONVERSION = YES;
				CLANG_WARN_INFINITE_RECURSION = YES;
				CLANG_WARN_INT_CONVERSION = YES;
				CLANG_WARN_NON_LITERAL_NULL_CONVERSION = YES;
				CLANG_WARN_OBJC_IMPLICIT_RETAIN_SELF = YES;
				CLANG_WARN_OBJC_LITERAL_CONVERSION = YES;
				CLANG_WARN_OBJC_ROOT_CLASS = YES_ERROR;
				CLANG_WARN_QUOTED_INCLUDE_IN_FRAMEWORK_HEADER = YES;
				CLANG_WARN_RANGE_LOOP_ANALYSIS = YES;
				CLANG_WARN_STRICT_PROTOTYPES = YES;
				CLANG_WARN_SUSPICIOUS_MOVE = YES;
				CLANG_WARN_UNGUARDED_AVAILABILITY = YES_AGGRESSIVE;
				CLANG_WARN_UNREACHABLE_CODE = YES;
				CLANG_WARN__DUPLICATE_METHOD_MATCH = YES;
				COPY_PHASE_STRIP = NO;
				DEBUG_INFORMATION_FORMAT = dwarf;
				ENABLE_STRICT_OBJC_MSGSEND = YES;
				ENABLE_TESTABILITY = YES;
				GCC_C_LANGUAGE_STANDARD = gnu11;
				GCC_DYNAMIC_NO_PIC = NO;
				GCC_NO_COMMON_BLOCKS = YES;
				GCC_OPTIMIZATION_LEVEL = 0;
				GCC_PREPROCESSOR_DEFINITIONS = (
					"DEBUG=1",
					"$(inherited)",
				);
				GCC_WARN_64_TO_32_BIT_CONVERSION = YES;
				GCC_WARN_ABOUT_DEPRECATED_FUNCTIONS = NO;
				GCC_WARN_ABOUT_RETURN_TYPE = YES_ERROR;
				GCC_WARN_UNDECLARED_SELECTOR = YES;
				GCC_WARN_UNINITIALIZED_AUTOS = YES_AGGRESSIVE;
				GCC_WARN_UNUSED_FUNCTION = YES;
				GCC_WARN_UNUSED_VARIABLE = YES;
				MACOSX_DEPLOYMENT_TARGET = 12.3;
				MTL_ENABLE_DEBUG_INFO = INCLUDE_SOURCE;
				MTL_FAST_MATH = YES;
				ONLY_ACTIVE_ARCH = YES;
				SDKROOT = macosx;
			};
			name = Debug;
		};
		E0CB2BA927B3E6FF00C5289C /* Release */ = {
			isa = XCBuildConfiguration;
			buildSettings = {
				ALWAYS_SEARCH_USER_PATHS = NO;
				CLANG_ANALYZER_NONNULL = YES;
				CLANG_ANALYZER_NUMBER_OBJECT_CONVERSION = YES_AGGRESSIVE;
				CLANG_CXX_LANGUAGE_STANDARD = "gnu++17";
				CLANG_ENABLE_MODULES = YES;
				CLANG_ENABLE_OBJC_ARC = YES;
				CLANG_ENABLE_OBJC_WEAK = YES;
				CLANG_WARN_BLOCK_CAPTURE_AUTORELEASING = YES;
				CLANG_WARN_BOOL_CONVERSION = YES;
				CLANG_WARN_COMMA = YES;
				CLANG_WARN_CONSTANT_CONVERSION = YES;
				CLANG_WARN_DEPRECATED_OBJC_IMPLEMENTATIONS = YES;
				CLANG_WARN_DIRECT_OBJC_ISA_USAGE = YES_ERROR;
				CLANG_WARN_DOCUMENTATION_COMMENTS = YES;
				CLANG_WARN_EMPTY_BODY = YES;
				CLANG_WARN_ENUM_CONVERSION = YES;
				CLANG_WARN_INFINITE_RECURSION = YES;
				CLANG_WARN_INT_CONVERSION = YES;
				CLANG_WARN_NON_LITERAL_NULL_CONVERSION = YES;
				CLANG_WARN_OBJC_IMPLICIT_RETAIN_SELF = YES;
				CLANG_WARN_OBJC_LITERAL_CONVERSION = YES;
				CLANG_WARN_OBJC_ROOT_CLASS = YES_ERROR;
				CLANG_WARN_QUOTED_INCLUDE_IN_FRAMEWORK_HEADER = YES;
				CLANG_WARN_RANGE_LOOP_ANALYSIS = YES;
				CLANG_WARN_STRICT_PROTOTYPES = YES;
				CLANG_WARN_SUSPICIOUS_MOVE = YES;
				CLANG_WARN_UNGUARDED_AVAILABILITY = YES_AGGRESSIVE;
				CLANG_WARN_UNREACHABLE_CODE = YES;
				CLANG_WARN__DUPLICATE_METHOD_MATCH = YES;
				COPY_PHASE_STRIP = NO;
				DEBUG_INFORMATION_FORMAT = "dwarf-with-dsym";
				ENABLE_NS_ASSERTIONS = NO;
				ENABLE_STRICT_OBJC_MSGSEND = YES;
				GCC_C_LANGUAGE_STANDARD = gnu11;
				GCC_NO_COMMON_BLOCKS = YES;
				GCC_WARN_64_TO_32_BIT_CONVERSION = YES;
				GCC_WARN_ABOUT_DEPRECATED_FUNCTIONS = NO;
				GCC_WARN_ABOUT_RETURN_TYPE = YES_ERROR;
				GCC_WARN_UNDECLARED_SELECTOR = YES;
				GCC_WARN_UNINITIALIZED_AUTOS = YES_AGGRESSIVE;
				GCC_WARN_UNUSED_FUNCTION = YES;
				GCC_WARN_UNUSED_VARIABLE = YES;
				MACOSX_DEPLOYMENT_TARGET = 12.3;
				MTL_ENABLE_DEBUG_INFO = NO;
				MTL_FAST_MATH = YES;
				SDKROOT = macosx;
			};
			name = Release;
		};
		E0CB2BAB27B3E6FF00C5289C /* Debug */ = {
			isa = XCBuildConfiguration;
			buildSettings = {
				CODE_SIGN_IDENTITY = "";
				CODE_SIGN_STYLE = Automatic;
				HEADER_SEARCH_PATHS = /opt/homebrew/include;
				LIBRARY_SEARCH_PATHS = (
					"$(inherited)",
					/opt/homebrew/Cellar/glew/2.2.0_1/lib,
					/opt/homebrew/Cellar/glfw/3.3.6/lib,
				);
				PRODUCT_NAME = "$(TARGET_NAME)";
			};
			name = Debug;
		};
		E0CB2BAC27B3E6FF00C5289C /* Release */ = {
			isa = XCBuildConfiguration;
			buildSettings = {
				CODE_SIGN_IDENTITY = "";
				CODE_SIGN_STYLE = Automatic;
				HEADER_SEARCH_PATHS = /opt/homebrew/include;
				LIBRARY_SEARCH_PATHS = (
					"$(inherited)",
					/opt/homebrew/Cellar/glew/2.2.0_1/lib,
					/opt/homebrew/Cellar/glfw/3.3.6/lib,
				);
				PRODUCT_NAME = "$(TARGET_NAME)";
			};
			name = Release;
		};
/* End XCBuildConfiguration section */

/* Begin XCConfigurationList section */
		E0CB2B9E27B3E6FF00C5289C /* Build configuration list for PBXProject "LightAndObjects" */ = {
			isa = XCConfigurationList;
			buildConfigurations = (
				E0CB2BA827B3E6FF00C5289C /* Debug */,
				E0CB2BA927B3E6FF00C5289C /* Release */,
			);
			defaultConfigurationIsVisible = 0;
			defaultConfigurationName = Release;
		};
		E0CB2BAA27B3E6FF00C5289C /* Build configuration list for PBXNativeTarget "LightAndObjects" */ = {
			isa = XCConfigurationList;
			buildConfigurations = (
				E0CB2BAB27B3E6FF00C5289C /* Debug */,
				E0CB2BAC27B3E6FF00C5289C /* Release */,
			);
			defaultConfigurationIsVisible = 0;
			defaultConfigurationName = Release;
		};
/* End XCConfigurationList section */
	};
	rootObject = E0CB2B9B27B3E6FF00C5289C /* Project object */;
}
